# This file is generated by running "yarn install" inside your project.
# Manual changes might be lost - proceed with caution!

__metadata:
  version: 8
  cacheKey: 10c0

"@cacheable/node-cache@npm:^1.4.0":
  version: 1.6.0
  resolution: "@cacheable/node-cache@npm:1.6.0"
  dependencies:
    cacheable: "npm:^1.10.1"
    hookified: "npm:^1.10.0"
    keyv: "npm:^5.3.4"
  checksum: 10c0/f90dd78365af74c918b4bb62fb86f3be582dbdbee3f35bd9531df00f1b3ed74362f03309da65c7590bf65f84c468b1fbc422853653d3d7f576e8ea3afe89f0cf
  languageName: node
  linkType: hard

"@cacheable/utils@npm:^2.3.2":
  version: 2.3.3
  resolution: "@cacheable/utils@npm:2.3.3"
  dependencies:
    hashery: "npm:^1.3.0"
    keyv: "npm:^5.5.5"
  checksum: 10c0/aa6198dcbd799055465efcaa9c91b11266218bd674bc889665efe7a230ecbce17fda2502aed51bd65062f20ad3af464841a72a93e8609d579535736526e3988c
  languageName: node
  linkType: hard

"@hapi/boom@npm:^9.1.3":
  version: 9.1.4
  resolution: "@hapi/boom@npm:9.1.4"
  dependencies:
    "@hapi/hoek": "npm:9.x.x"
  checksum: 10c0/49bb99443e7bdbbdc87ee8de97cd64351e173b57d7c59061c69972d2de77fb98f2f440c1be42b37e1ac04f57c60fbb79f8fd3e9e5695360add560c37e2d584db
  languageName: node
  linkType: hard

"@hapi/hoek@npm:9.x.x":
  version: 9.3.0
  resolution: "@hapi/hoek@npm:9.3.0"
  checksum: 10c0/a096063805051fb8bba4c947e293c664b05a32b47e13bc654c0dd43813a1cec993bdd8f29ceb838020299e1d0f89f68dc0d62a603c13c9cc8541963f0beca055
  languageName: node
  linkType: hard

"@kelvdra/baileys@workspace:.":
  version: 0.0.0-use.local
  resolution: "@kelvdra/baileys@workspace:."
  dependencies:
    "@cacheable/node-cache": "npm:^1.4.0"
    "@hapi/boom": "npm:^9.1.3"
    async-mutex: "npm:^0.5.0"
    cache-manager: "npm:latest"
    libsignal: "git+https://github.com/whiskeysockets/libsignal-node"
    lru-cache: "npm:^11.1.0"
    music-metadata: "npm:^11.7.0"
    p-queue: "npm:^9.0.0"
    pino: "npm:^9.6"
    protobufjs: "npm:^7.2.4"
    whatsapp-rust-bridge: "npm:0.5.2"
    ws: "npm:^8.13.0"
  peerDependencies:
    audio-decode: ^2.1.3
    jimp: ^1.6.0
    link-preview-js: ^3.0.0
    sharp: "*"
  peerDependenciesMeta:
    audio-decode:
      optional: true
    jimp:
      optional: true
    link-preview-js:
      optional: true
  languageName: unknown
  linkType: soft

"@keyv/serialize@npm:^1.0.3":
  version: 1.0.3
  resolution: "@keyv/serialize@npm:1.0.3"
  dependencies:
    buffer: "npm:^6.0.3"
  checksum: 10c0/24a257870b0548cfe430680c2ae1641751e6a6ec90c573eaf51bfe956839b6cfa462b4d2827157363b6d620872d32d69fa2f37210a864ba488f8ec7158436398
  languageName: node
  linkType: hard

"@keyv/serialize@npm:^1.1.1":
  version: 1.1.1
  resolution: "@keyv/serialize@npm:1.1.1"
  checksum: 10c0/b0008cae4a54400c3abf587b8cc2474c6f528ee58969ce6cf9cb07a04006f80c73c85971d6be6544408318a2bc40108236a19a82aea0a6de95aae49533317374
  languageName: node
  linkType: hard

"@protobufjs/aspromise@npm:^1.1.1, @protobufjs/aspromise@npm:^1.1.2":
  version: 1.1.2
  resolution: "@protobufjs/aspromise@npm:1.1.2"
  checksum: 10c0/a83343a468ff5b5ec6bff36fd788a64c839e48a07ff9f4f813564f58caf44d011cd6504ed2147bf34835bd7a7dd2107052af755961c6b098fd8902b4f6500d0f
  languageName: node
  linkType: hard

"@protobufjs/base64@npm:^1.1.2":
  version: 1.1.2
  resolution: "@protobufjs/base64@npm:1.1.2"
  checksum: 10c0/eec925e681081af190b8ee231f9bad3101e189abbc182ff279da6b531e7dbd2a56f1f306f37a80b1be9e00aa2d271690d08dcc5f326f71c9eed8546675c8caf6
  languageName: node
  linkType: hard

"@protobufjs/codegen@npm:^2.0.4":
  version: 2.0.4
  resolution: "@protobufjs/codegen@npm:2.0.4"
  checksum: 10c0/26ae337c5659e41f091606d16465bbcc1df1f37cc1ed462438b1f67be0c1e28dfb2ca9f294f39100c52161aef82edf758c95d6d75650a1ddf31f7ddee1440b43
  languageName: node
  linkType: hard

"@protobufjs/eventemitter@npm:^1.1.0":
  version: 1.1.0
  resolution: "@protobufjs/eventemitter@npm:1.1.0"
  checksum: 10c0/1eb0a75180e5206d1033e4138212a8c7089a3d418c6dfa5a6ce42e593a4ae2e5892c4ef7421f38092badba4040ea6a45f0928869989411001d8c1018ea9a6e70
  languageName: node
  linkType: hard

"@protobufjs/fetch@npm:^1.1.0":
  version: 1.1.0
  resolution: "@protobufjs/fetch@npm:1.1.0"
  dependencies:
    "@protobufjs/aspromise": "npm:^1.1.1"
    "@protobufjs/inquire": "npm:^1.1.0"
  checksum: 10c0/cda6a3dc2d50a182c5865b160f72077aac197046600091dbb005dd0a66db9cce3c5eaed6d470ac8ed49d7bcbeef6ee5f0bc288db5ff9a70cbd003e5909065233
  languageName: node
  linkType: hard

"@protobufjs/float@npm:^1.0.2":
  version: 1.0.2
  resolution: "@protobufjs/float@npm:1.0.2"
  checksum: 10c0/18f2bdede76ffcf0170708af15c9c9db6259b771e6b84c51b06df34a9c339dbbeec267d14ce0bddd20acc142b1d980d983d31434398df7f98eb0c94a0eb79069
  languageName: node
  linkType: hard

"@protobufjs/inquire@npm:^1.1.0":
  version: 1.1.0
  resolution: "@protobufjs/inquire@npm:1.1.0"
  checksum: 10c0/64372482efcba1fb4d166a2664a6395fa978b557803857c9c03500e0ac1013eb4b1aacc9ed851dd5fc22f81583670b4f4431bae186f3373fedcfde863ef5921a
  languageName: node
  linkType: hard

"@protobufjs/path@npm:^1.1.2":
  version: 1.1.2
  resolution: "@protobufjs/path@npm:1.1.2"
  checksum: 10c0/cece0a938e7f5dfd2fa03f8c14f2f1cf8b0d6e13ac7326ff4c96ea311effd5fb7ae0bba754fbf505312af2e38500250c90e68506b97c02360a43793d88a0d8b4
  languageName: node
  linkType: hard

"@protobufjs/pool@npm:^1.1.0":
  version: 1.1.0
  resolution: "@protobufjs/pool@npm:1.1.0"
  checksum: 10c0/eda2718b7f222ac6e6ad36f758a92ef90d26526026a19f4f17f668f45e0306a5bd734def3f48f51f8134ae0978b6262a5c517c08b115a551756d1a3aadfcf038
  languageName: node
  linkType: hard

"@protobufjs/utf8@npm:^1.1.0":
  version: 1.1.0
  resolution: "@protobufjs/utf8@npm:1.1.0"
  checksum: 10c0/a3fe31fe3fa29aa3349e2e04ee13dc170cc6af7c23d92ad49e3eeaf79b9766264544d3da824dba93b7855bd6a2982fb40032ef40693da98a136d835752beb487
  languageName: node
  linkType: hard

"@tokenizer/inflate@npm:^0.2.7":
  version: 0.2.7
  resolution: "@tokenizer/inflate@npm:0.2.7"
  dependencies:
    debug: "npm:^4.4.0"
    fflate: "npm:^0.8.2"
    token-types: "npm:^6.0.0"
  checksum: 10c0/75bd0c510810dfd62be9d963216b5852cde021e1f8aab43b37662bc6aa75e65fd7277fcab7d463186b55cee36a5b61129916161bdb2a7d18064016156c7daf4f
  languageName: node
  linkType: hard

"@tokenizer/token@npm:^0.3.0":
  version: 0.3.0
  resolution: "@tokenizer/token@npm:0.3.0"
  checksum: 10c0/7ab9a822d4b5ff3f5bca7f7d14d46bdd8432528e028db4a52be7fbf90c7f495cc1af1324691dda2813c6af8dc4b8eb29de3107d4508165f9aa5b53e7d501f155
  languageName: node
  linkType: hard

"@types/long@npm:^4.0.0":
  version: 4.0.2
  resolution: "@types/long@npm:4.0.2"
  checksum: 10c0/42ec66ade1f72ff9d143c5a519a65efc7c1c77be7b1ac5455c530ae9acd87baba065542f8847522af2e3ace2cc999f3ad464ef86e6b7352eece34daf88f8c924
  languageName: node
  linkType: hard

"@types/node@npm:>=13.7.0":
  version: 24.0.14
  resolution: "@types/node@npm:24.0.14"
  dependencies:
    undici-types: "npm:~7.8.0"
  checksum: 10c0/536b5a816554ad1522e9e0c1d517b317f8478798bd76a332d83690aa42b19b5b263eb295ee25f9d0badb430ee6e36412ee9070cb5e3359f6bdcf7e08f94302f1
  languageName: node
  linkType: hard

"@types/node@npm:^10.1.0":
  version: 10.17.60
  resolution: "@types/node@npm:10.17.60"
  checksum: 10c0/0742294912a6e79786cdee9ed77cff6ee8ff007b55d8e21170fc3e5994ad3a8101fea741898091876f8dc32b0a5ae3d64537b7176799e92da56346028d2cbcd2
  languageName: node
  linkType: hard

"async-mutex@npm:^0.5.0":
  version: 0.5.0
  resolution: "async-mutex@npm:0.5.0"
  dependencies:
    tslib: "npm:^2.4.0"
  checksum: 10c0/9096e6ad6b674c894d8ddd5aa4c512b09bb05931b8746ebd634952b05685608b2b0820ed5c406e6569919ff5fe237ab3c491e6f2887d6da6b6ba906db3ee9c32
  languageName: node
  linkType: hard

"atomic-sleep@npm:^1.0.0":
  version: 1.0.0
  resolution: "atomic-sleep@npm:1.0.0"
  checksum: 10c0/e329a6665512736a9bbb073e1761b4ec102f7926cce35037753146a9db9c8104f5044c1662e4a863576ce544fb8be27cd2be6bc8c1a40147d03f31eb1cfb6e8a
  languageName: node
  linkType: hard

"base64-js@npm:^1.3.1":
  version: 1.5.1
  resolution: "base64-js@npm:1.5.1"
  checksum: 10c0/f23823513b63173a001030fae4f2dabe283b99a9d324ade3ad3d148e218134676f1ee8568c877cd79ec1c53158dcf2d2ba527a97c606618928ba99dd930102bf
  languageName: node
  linkType: hard

"buffer@npm:^6.0.3":
  version: 6.0.3
  resolution: "buffer@npm:6.0.3"
  dependencies:
    base64-js: "npm:^1.3.1"
    ieee754: "npm:^1.2.1"
  checksum: 10c0/2a905fbbcde73cc5d8bd18d1caa23715d5f83a5935867c2329f0ac06104204ba7947be098fe1317fbd8830e26090ff8e764f08cd14fefc977bb248c3487bcbd0
  languageName: node
  linkType: hard

"cache-manager@npm:latest":
  version: 7.2.7
  resolution: "cache-manager@npm:7.2.7"
  dependencies:
    "@cacheable/utils": "npm:^2.3.2"
    keyv: "npm:^5.5.4"
  checksum: 10c0/5a3785a6099138ba41b0b972d03d1cd7fe98351d42d3e3412f49f587c007c79c94a686db7f5dc3d301b7b596bace1e7e2e14d1a25850658af69f7c231a31e5c1
  languageName: node
  linkType: hard

"cacheable@npm:^1.10.1":
  version: 1.10.2
  resolution: "cacheable@npm:1.10.2"
  dependencies:
    hookified: "npm:^1.10.0"
    keyv: "npm:^5.3.4"
  checksum: 10c0/33fe7620c9cd1038032dcf493051915f00c2a38a28c3e8e056c617e1800208f139c4b7e3c65c29fd92a5ec45dd8a0eaafedffa538b84469302db2482c6b7832d
  languageName: node
  linkType: hard

"content-type@npm:^1.0.5":
  version: 1.0.5
  resolution: "content-type@npm:1.0.5"
  checksum: 10c0/b76ebed15c000aee4678c3707e0860cb6abd4e680a598c0a26e17f0bfae723ec9cc2802f0ff1bc6e4d80603719010431d2231018373d4dde10f9ccff9dadf5af
  languageName: node
  linkType: hard

"curve25519-js@npm:^0.0.4":
  version: 0.0.4
  resolution: "curve25519-js@npm:0.0.4"
  checksum: 10c0/5b6c3a0dcaf045588aa78c2d1113310bf93fda9c59bd533b2a06da807024eec92feb39b203d1db9c09eda94bba1252d507fb3901283d32898e43090546785ddd
  languageName: node
  linkType: hard

"debug@npm:^4.4.0, debug@npm:^4.4.1":
  version: 4.4.1
  resolution: "debug@npm:4.4.1"
  dependencies:
    ms: "npm:^2.1.3"
  peerDependenciesMeta:
    supports-color:
      optional: true
  checksum: 10c0/d2b44bc1afd912b49bb7ebb0d50a860dc93a4dd7d946e8de94abc957bb63726b7dd5aa48c18c2386c379ec024c46692e15ed3ed97d481729f929201e671fcd55
  languageName: node
  linkType: hard

"eventemitter3@npm:^5.0.1":
  version: 5.0.1
  resolution: "eventemitter3@npm:5.0.1"
  checksum: 10c0/4ba5c00c506e6c786b4d6262cfbce90ddc14c10d4667e5c83ae993c9de88aa856033994dd2b35b83e8dc1170e224e66a319fa80adc4c32adcd2379bbc75da814
  languageName: node
  linkType: hard

"fast-redact@npm:^3.1.1":
  version: 3.5.0
  resolution: "fast-redact@npm:3.5.0"
  checksum: 10c0/7e2ce4aad6e7535e0775bf12bd3e4f2e53d8051d8b630e0fa9e67f68cb0b0e6070d2f7a94b1d0522ef07e32f7c7cda5755e2b677a6538f1e9070ca053c42343a
  languageName: node
  linkType: hard

"fflate@npm:^0.8.2":
  version: 0.8.2
  resolution: "fflate@npm:0.8.2"
  checksum: 10c0/03448d630c0a583abea594835a9fdb2aaf7d67787055a761515bf4ed862913cfd693b4c4ffd5c3f3b355a70cf1e19033e9ae5aedcca103188aaff91b8bd6e293
  languageName: node
  linkType: hard

"file-type@npm:^21.0.0":
  version: 21.0.0
  resolution: "file-type@npm:21.0.0"
  dependencies:
    "@tokenizer/inflate": "npm:^0.2.7"
    strtok3: "npm:^10.2.2"
    token-types: "npm:^6.0.0"
    uint8array-extras: "npm:^1.4.0"
  checksum: 10c0/ee6b0bb5771ad154e236bb77b5c00907743fef3637c3825713c1d6913377d3d969ebba4a6f0aa854b8231552e2c1bd0387229fe67394dc3d08a01819c7d107b1
  languageName: node
  linkType: hard

"hashery@npm:^1.3.0":
  version: 1.3.0
  resolution: "hashery@npm:1.3.0"
  dependencies:
    hookified: "npm:^1.13.0"
  checksum: 10c0/44457499d8a4602c5049771b96d6c151f15f241be6e990c2a393a47217457ba7fc41cc0f2ff01b8ea856d7fe12dd33e3c86a32c95b8aeaf590f53ca9a8efe1a1
  languageName: node
  linkType: hard

"hookified@npm:^1.10.0":
  version: 1.10.0
  resolution: "hookified@npm:1.10.0"
  checksum: 10c0/d4e5263e4d7ed1f6dfb1aa2928857878e9c0c82de2451892bb8574fb0de2b6c9e758686f0b63ab34976f52866d687b5fd7e147ff0c7115a5584ff79dda09439e
  languageName: node
  linkType: hard

"hookified@npm:^1.13.0":
  version: 1.14.0
  resolution: "hookified@npm:1.14.0"
  checksum: 10c0/8624a2c04d8b661c871e1bf2d1b67d2587b3b59226926690f102f706d92352e3f154129d877611af9e364b08221ce6845ba5873b91e3e95211cef60d66589190
  languageName: node
  linkType: hard

"ieee754@npm:^1.2.1":
  version: 1.2.1
  resolution: "ieee754@npm:1.2.1"
  checksum: 10c0/b0782ef5e0935b9f12883a2e2aa37baa75da6e66ce6515c168697b42160807d9330de9a32ec1ed73149aea02e0d822e572bca6f1e22bdcbd2149e13b050b17bb
  languageName: node
  linkType: hard

"keyv@npm:^5.3.4":
  version: 5.3.4
  resolution: "keyv@npm:5.3.4"
  dependencies:
    "@keyv/serialize": "npm:^1.0.3"
  checksum: 10c0/d6f62dceca7361986d800943749ad41e907cf87676aa4c259ffe09379a46c6606f532513744db0479a61f0732c12eaf5cd2dfc39427fad4db0d7e4955627c503
  languageName: node
  linkType: hard

"keyv@npm:^5.5.4, keyv@npm:^5.5.5":
  version: 5.5.5
  resolution: "keyv@npm:5.5.5"
  dependencies:
    "@keyv/serialize": "npm:^1.1.1"
  checksum: 10c0/d0b8c5ffbfbaa98055e14b3c58ecf92fec2f8c4ad2a2a35fff1a146e82444ae0b969918fb6ab3281f6c16282cafb1239cc115c953cadf12838f1c45a97a5e2b8
  languageName: node
  linkType: hard

"libsignal@git+https://github.com/whiskeysockets/libsignal-node":
  version: 2.0.1
  resolution: "libsignal@https://github.com/whiskeysockets/libsignal-node.git#commit=e81ecfc32eb74951d789ab37f7e341ab66d5fff1"
  dependencies:
    curve25519-js: "npm:^0.0.4"
    protobufjs: "npm:6.8.8"
  checksum: 10c0/d1ae7d8a5fadd6bb1c486d1b2ebc388967fee57c13f52b473127c1cbd9cd647b44545ff07c2b9cc49b3dea4e25ccfcfece31c526fdbdbf065837c85d189e97a0
  languageName: node
  linkType: hard

"long@npm:^4.0.0":
  version: 4.0.0
  resolution: "long@npm:4.0.0"
  checksum: 10c0/50a6417d15b06104dbe4e3d4a667c39b137f130a9108ea8752b352a4cfae047531a3ac351c181792f3f8768fe17cca6b0f406674a541a86fb638aaac560d83ed
  languageName: node
  linkType: hard

"long@npm:^5.0.0":
  version: 5.3.2
  resolution: "long@npm:5.3.2"
  checksum: 10c0/7130fe1cbce2dca06734b35b70d380ca3f70271c7f8852c922a7c62c86c4e35f0c39290565eca7133c625908d40e126ac57c02b1b1a4636b9457d77e1e60b981
  languageName: node
  linkType: hard

"lru-cache@npm:^11.1.0":
  version: 11.2.1
  resolution: "lru-cache@npm:11.2.1"
  checksum: 10c0/6f0e6b27f368d5e464e7813bd5b0af8f9a81a3a7ce2f40509841fdef07998b2588869f3e70edfbdb3bf705857f7bb21cca58fb01e1a1dc2440a83fcedcb7e8d8
  languageName: node
  linkType: hard

"media-typer@npm:^1.1.0":
  version: 1.1.0
  resolution: "media-typer@npm:1.1.0"
  checksum: 10c0/7b4baa40b25964bb90e2121ee489ec38642127e48d0cc2b6baa442688d3fde6262bfdca86d6bbf6ba708784afcac168c06840c71facac70e390f5f759ac121b9
  languageName: node
  linkType: hard

"ms@npm:^2.1.3":
  version: 2.1.3
  resolution: "ms@npm:2.1.3"
  checksum: 10c0/d924b57e7312b3b63ad21fc5b3dc0af5e78d61a1fc7cfb5457edaf26326bf62be5307cc87ffb6862ef1c2b33b0233cdb5d4f01c4c958cc0d660948b65a287a48
  languageName: node
  linkType: hard

"music-metadata@npm:^11.7.0":
  version: 11.7.0
  resolution: "music-metadata@npm:11.7.0"
  dependencies:
    "@tokenizer/token": "npm:^0.3.0"
    content-type: "npm:^1.0.5"
    debug: "npm:^4.4.1"
    file-type: "npm:^21.0.0"
    media-typer: "npm:^1.1.0"
    strtok3: "npm:^10.3.2"
    token-types: "npm:^6.0.3"
    uint8array-extras: "npm:^1.4.0"
  checksum: 10c0/0d195f0c8388357bff9c26440052daa90f0d0f7212e422d4e45efaed8f6b8ae8e7e6308729e21d7dc72bc3a3488876e0f155c83d016ca7ca3e0c24f2bac264a6
  languageName: node
  linkType: hard

"on-exit-leak-free@npm:^2.1.0":
  version: 2.1.2
  resolution: "on-exit-leak-free@npm:2.1.2"
  checksum: 10c0/faea2e1c9d696ecee919026c32be8d6a633a7ac1240b3b87e944a380e8a11dc9c95c4a1f8fb0568de7ab8db3823e790f12bda45296b1d111e341aad3922a0570
  languageName: node
  linkType: hard

"p-queue@npm:^9.0.0":
  version: 9.0.0
  resolution: "p-queue@npm:9.0.0"
  dependencies:
    eventemitter3: "npm:^5.0.1"
    p-timeout: "npm:^7.0.0"
  checksum: 10c0/0f27fcbec9e4e02f34cc3660f14b5746798c51a2425dc3d3c5238924c34726b1580606d5d1432fc05304e2350c00b112ded03eb43c1b49de7791a7150fbfcb4e
  languageName: node
  linkType: hard

"p-timeout@npm:^7.0.0":
  version: 7.0.0
  resolution: "p-timeout@npm:7.0.0"
  checksum: 10c0/0418be5dd0269916293cfd10f738427a1a33b50d2358cf72fecee2b8a31cc2a663ae178105f1d6ef92301c50f86f78074adb32f8321856a4f332765786fedd93
  languageName: node
  linkType: hard

"pino-abstract-transport@npm:^2.0.0":
  version: 2.0.0
  resolution: "pino-abstract-transport@npm:2.0.0"
  dependencies:
    split2: "npm:^4.0.0"
  checksum: 10c0/02c05b8f2ffce0d7c774c8e588f61e8b77de8ccb5f8125afd4a7325c9ea0e6af7fb78168999657712ae843e4462bb70ac550dfd6284f930ee57f17f486f25a9f
  languageName: node
  linkType: hard

"pino-std-serializers@npm:^7.0.0":
  version: 7.0.0
  resolution: "pino-std-serializers@npm:7.0.0"
  checksum: 10c0/73e694d542e8de94445a03a98396cf383306de41fd75ecc07085d57ed7a57896198508a0dec6eefad8d701044af21eb27253ccc352586a03cf0d4a0bd25b4133
  languageName: node
  linkType: hard

"pino@npm:^9.6":
  version: 9.7.0
  resolution: "pino@npm:9.7.0"
  dependencies:
    atomic-sleep: "npm:^1.0.0"
    fast-redact: "npm:^3.1.1"
    on-exit-leak-free: "npm:^2.1.0"
    pino-abstract-transport: "npm:^2.0.0"
    pino-std-serializers: "npm:^7.0.0"
    process-warning: "npm:^5.0.0"
    quick-format-unescaped: "npm:^4.0.3"
    real-require: "npm:^0.2.0"
    safe-stable-stringify: "npm:^2.3.1"
    sonic-boom: "npm:^4.0.1"
    thread-stream: "npm:^3.0.0"
  bin:
    pino: bin.js
  checksum: 10c0/c7f8a83a9a9d728b4eff6d0f4b9367f031c91bcaa5806fbf0eedcc8e77faba593d59baf11a8fba0dd1c778bb17ca7ed01418ac1df4ec129faeedd4f3ecaff66f
  languageName: node
  linkType: hard

"process-warning@npm:^5.0.0":
  version: 5.0.0
  resolution: "process-warning@npm:5.0.0"
  checksum: 10c0/941f48863d368ec161e0b5890ba0c6af94170078f3d6b5e915c19b36fb59edb0dc2f8e834d25e0d375a8bf368a49d490f080508842168832b93489d17843ec29
  languageName: node
  linkType: hard

"protobufjs@npm:6.8.8":
  version: 6.8.8
  resolution: "protobufjs@npm:6.8.8"
  dependencies:
    "@protobufjs/aspromise": "npm:^1.1.2"
    "@protobufjs/base64": "npm:^1.1.2"
    "@protobufjs/codegen": "npm:^2.0.4"
    "@protobufjs/eventemitter": "npm:^1.1.0"
    "@protobufjs/fetch": "npm:^1.1.0"
    "@protobufjs/float": "npm:^1.0.2"
    "@protobufjs/inquire": "npm:^1.1.0"
    "@protobufjs/path": "npm:^1.1.2"
    "@protobufjs/pool": "npm:^1.1.0"
    "@protobufjs/utf8": "npm:^1.1.0"
    "@types/long": "npm:^4.0.0"
    "@types/node": "npm:^10.1.0"
    long: "npm:^4.0.0"
  bin:
    pbjs: bin/pbjs
    pbts: bin/pbts
  checksum: 10c0/2511ed6089245b2102c333ac56190b104f8d8227972c00f041def8387abf841fded7b2cb7130063666b7bca84597a43005ea05c5f674132a0ddd5eb94a6e7916
  languageName: node
  linkType: hard

"protobufjs@npm:^7.2.4":
  version: 7.5.3
  resolution: "protobufjs@npm:7.5.3"
  dependencies:
    "@protobufjs/aspromise": "npm:^1.1.2"
    "@protobufjs/base64": "npm:^1.1.2"
    "@protobufjs/codegen": "npm:^2.0.4"
    "@protobufjs/eventemitter": "npm:^1.1.0"
    "@protobufjs/fetch": "npm:^1.1.0"
    "@protobufjs/float": "npm:^1.0.2"
    "@protobufjs/inquire": "npm:^1.1.0"
    "@protobufjs/path": "npm:^1.1.2"
    "@protobufjs/pool": "npm:^1.1.0"
    "@protobufjs/utf8": "npm:^1.1.0"
    "@types/node": "npm:>=13.7.0"
    long: "npm:^5.0.0"
  checksum: 10c0/9dc131a7e7a610b8291a0b0033b313f8754ef419b57c44d27874dd4edf1afc2a9a77d7a5bc2df9a744cba014de67c92756759c73200b702a11f13360e907b0dd
  languageName: node
  linkType: hard

"quick-format-unescaped@npm:^4.0.3":
  version: 4.0.4
  resolution: "quick-format-unescaped@npm:4.0.4"
  checksum: 10c0/fe5acc6f775b172ca5b4373df26f7e4fd347975578199e7d74b2ae4077f0af05baa27d231de1e80e8f72d88275ccc6028568a7a8c9ee5e7368ace0e18eff93a4
  languageName: node
  linkType: hard

"real-require@npm:^0.2.0":
  version: 0.2.0
  resolution: "real-require@npm:0.2.0"
  checksum: 10c0/23eea5623642f0477412ef8b91acd3969015a1501ed34992ada0e3af521d3c865bb2fe4cdbfec5fe4b505f6d1ef6a03e5c3652520837a8c3b53decff7e74b6a0
  languageName: node
  linkType: hard

"safe-stable-stringify@npm:^2.3.1":
  version: 2.5.0
  resolution: "safe-stable-stringify@npm:2.5.0"
  checksum: 10c0/baea14971858cadd65df23894a40588ed791769db21bafb7fd7608397dbdce9c5aac60748abae9995e0fc37e15f2061980501e012cd48859740796bea2987f49
  languageName: node
  linkType: hard

"sonic-boom@npm:^4.0.1":
  version: 4.2.0
  resolution: "sonic-boom@npm:4.2.0"
  dependencies:
    atomic-sleep: "npm:^1.0.0"
  checksum: 10c0/ae897e6c2cd6d3cb7cdcf608bc182393b19c61c9413a85ce33ffd25891485589f39bece0db1de24381d0a38fc03d08c9862ded0c60f184f1b852f51f97af9684
  languageName: node
  linkType: hard

"split2@npm:^4.0.0":
  version: 4.2.0
  resolution: "split2@npm:4.2.0"
  checksum: 10c0/b292beb8ce9215f8c642bb68be6249c5a4c7f332fc8ecadae7be5cbdf1ea95addc95f0459ef2e7ad9d45fd1064698a097e4eb211c83e772b49bc0ee423e91534
  languageName: node
  linkType: hard

"strtok3@npm:^10.2.2, strtok3@npm:^10.3.2":
  version: 10.3.2
  resolution: "strtok3@npm:10.3.2"
  dependencies:
    "@tokenizer/token": "npm:^0.3.0"
  checksum: 10c0/cbdc2686cfd6127cf726f8ad5f81ebf100bc4609a5fd620f9ba111cda92b7baf789e71337c99978965730eac0645ef1b6dc5d673ac5171f51d776527b9432ce1
  languageName: node
  linkType: hard

"thread-stream@npm:^3.0.0":
  version: 3.1.0
  resolution: "thread-stream@npm:3.1.0"
  dependencies:
    real-require: "npm:^0.2.0"
  checksum: 10c0/c36118379940b77a6ef3e6f4d5dd31e97b8210c3f7b9a54eb8fe6358ab173f6d0acfaf69b9c3db024b948c0c5fd2a7df93e2e49151af02076b35ada3205ec9a6
  languageName: node
  linkType: hard

"token-types@npm:^6.0.0, token-types@npm:^6.0.3":
  version: 6.0.3
  resolution: "token-types@npm:6.0.3"
  dependencies:
    "@tokenizer/token": "npm:^0.3.0"
    ieee754: "npm:^1.2.1"
  checksum: 10c0/9fbd60754329cef6a793a81e62cb81880a52619b05c3ee96bb8b0f698e8f515c0e3d3159fc3b9cdec55271b6b839cba63cd6d387be4b4f63c1e4f222eb34a858
  languageName: node
  linkType: hard

"tslib@npm:^2.4.0":
  version: 2.8.1
  resolution: "tslib@npm:2.8.1"
  checksum: 10c0/9c4759110a19c53f992d9aae23aac5ced636e99887b51b9e61def52611732872ff7668757d4e4c61f19691e36f4da981cd9485e869b4a7408d689f6bf1f14e62
  languageName: node
  linkType: hard

"uint8array-extras@npm:^1.4.0":
  version: 1.4.0
  resolution: "uint8array-extras@npm:1.4.0"
  checksum: 10c0/eaffd3388634b7e5e1496073b878dd19136043137d3e7e0d2a453e37f566a5a551e640819e1a6596c6df9b9d1f7b70884cc29db6a357bdd424811f3598d504dd
  languageName: node
  linkType: hard

"undici-types@npm:~7.8.0":
  version: 7.8.0
  resolution: "undici-types@npm:7.8.0"
  checksum: 10c0/9d9d246d1dc32f318d46116efe3cfca5a72d4f16828febc1918d94e58f6ffcf39c158aa28bf5b4fc52f410446bc7858f35151367bd7a49f21746cab6497b709b
  languageName: node
  linkType: hard

"whatsapp-rust-bridge@npm:0.5.2":
  version: 0.5.2
  resolution: "whatsapp-rust-bridge@npm:0.5.2"
  checksum: 10c0/022bff4659398144afe6834c279a9fc617a7cbc9177212874150ff2b39019044d2833af85d8ad8d5a40887ad84e7584edead15333e3acce58f989ef7cfd1e6f9
  languageName: node
  linkType: hard

"ws@npm:^8.13.0":
  version: 8.18.3
  resolution: "ws@npm:8.18.3"
  peerDependencies:
    bufferutil: ^4.0.1
    utf-8-validate: ">=5.0.2"
  peerDependenciesMeta:
    bufferutil:
      optional: true
    utf-8-validate:
      optional: true
  checksum: 10c0/eac918213de265ef7cb3d4ca348b891a51a520d839aa51cdb8ca93d4fa7ff9f6ccb339ccee89e4075324097f0a55157c89fa3f7147bde9d8d7e90335dc087b53
  languageName: node
  linkType: hard
